
Microsoft Visual Studio Solution File, Format Version 12.00
# Visual Studio Version 16
VisualStudioVersion = 16.0.32602.291
MinimumVisualStudioVersion = 10.0.40219.1
Project("{FAE04EC0-301F-11D3-BF4B-00C04F79EFBC}") = "Test-Assignment", "Test-Assignment\Test-Assignment.csproj", "{7D91753D-1D2F-434F-8033-3BD5722ABFC1}"
EndProject
Global
	GlobalSection(SolutionConfigurationPlatforms) = preSolution
		Debug|Any CPU = Debug|Any CPU
		Release|Any CPU = Release|Any CPU
	EndGlobalSection
	GlobalSection(ProjectConfigurationPlatforms) = postSolution
		{7D91753D-1D2F-434F-8033-3BD5722ABFC1}.Debug|Any CPU.ActiveCfg = Debug|Any CPU
		{7D91753D-1D2F-434F-8033-3BD5722ABFC1}.Debug|Any CPU.Build.0 = Debug|Any CPU
		{7D91753D-1D2F-434F-8033-3BD5722ABFC1}.Release|Any CPU.ActiveCfg = Release|Any CPU
		{7D91753D-1D2F-434F-8033-3BD5722ABFC1}.Release|Any CPU.Build.0 = Release|Any CPU
	EndGlobalSection
	GlobalSection(SolutionProperties) = preSolution
		HideSolutionNode = FALSE
	EndGlobalSection
	GlobalSection(ExtensibilityGlobals) = postSolution
		SolutionGuid = {4D7740C7-EB0D-4F74-BA28-840E15E9CC24}
	EndGlobalSection
EndGlobal
